PODS:
  - Expecta (0.4.2)
  - FSNetworking (0.0.1)
  - Specta (0.5.0)

DEPENDENCIES:
  - Expecta
  - FSNetworking
  - Specta

SPEC CHECKSUMS:
  Expecta: 78b4e8b0c8291fa4524d7f74016b6065c2e391ec
  FSNetworking: 596048151bffc5917b2bcfa3a840624f49e309fa
  Specta: eb90708ed77569bbda089f8ead10bb99b8e9489e

COCOAPODS: 0.36.4
